
Microsoft Visual Studio Solution File, Format Version 12.00
# Visual Studio Version 17
VisualStudioVersion = 17.10.34928.147
MinimumVisualStudioVersion = 10.0.40219.1
Project("{FAE04EC0-301F-11D3-BF4B-00C04F79EFBC}") = "Person Data", "Person Data.csproj", "{B08FE50D-E93C-49A7-87F9-5E212A18C9E8}"
EndProject
Global
	GlobalSection(SolutionConfigurationPlatforms) = preSolution
		Debug|Any CPU = Debug|Any CPU
		Release|Any CPU = Release|Any CPU
	EndGlobalSection
	GlobalSection(ProjectConfigurationPlatforms) = postSolution
		{B08FE50D-E93C-49A7-87F9-5E212A18C9E8}.Debug|Any CPU.ActiveCfg = Debug|Any CPU
		{B08FE50D-E93C-49A7-87F9-5E212A18C9E8}.Debug|Any CPU.Build.0 = Debug|Any CPU
		{B08FE50D-E93C-49A7-87F9-5E212A18C9E8}.Release|Any CPU.ActiveCfg = Release|Any CPU
		{B08FE50D-E93C-49A7-87F9-5E212A18C9E8}.Release|Any CPU.Build.0 = Release|Any CPU
	EndGlobalSection
	GlobalSection(SolutionProperties) = preSolution
		HideSolutionNode = FALSE
	EndGlobalSection
	GlobalSection(ExtensibilityGlobals) = postSolution
		SolutionGuid = {FEA748F2-19BD-46C0-8013-95D45CD067A6}
	EndGlobalSection
EndGlobal
